
Microsoft Visual Studio Solution File, Format Version 12.00
# Visual Studio 15
VisualStudioVersion = 15.0.28307.779
MinimumVisualStudioVersion = 10.0.40219.1
Project("{FAE04EC0-301F-11D3-BF4B-00C04F79EFBC}") = "ProyectoCalidad", "ProyectoCalidad\ProyectoCalidad.csproj", "{5D2F37BB-1F79-4DA9-A05C-526D230709D7}"
EndProject
Global
	GlobalSection(SolutionConfigurationPlatforms) = preSolution
		Debug|Any CPU = Debug|Any CPU
		Release|Any CPU = Release|Any CPU
	EndGlobalSection
	GlobalSection(ProjectConfigurationPlatforms) = postSolution
		{5D2F37BB-1F79-4DA9-A05C-526D230709D7}.Debug|Any CPU.ActiveCfg = Debug|Any CPU
		{5D2F37BB-1F79-4DA9-A05C-526D230709D7}.Debug|Any CPU.Build.0 = Debug|Any CPU
		{5D2F37BB-1F79-4DA9-A05C-526D230709D7}.Release|Any CPU.ActiveCfg = Release|Any CPU
		{5D2F37BB-1F79-4DA9-A05C-526D230709D7}.Release|Any CPU.Build.0 = Release|Any CPU
	EndGlobalSection
	GlobalSection(SolutionProperties) = preSolution
		HideSolutionNode = FALSE
	EndGlobalSection
	GlobalSection(ExtensibilityGlobals) = postSolution
		SolutionGuid = {E67D1A38-AE6B-475D-979E-CCB250F74E01}
	EndGlobalSection
EndGlobal
